
Microsoft Visual Studio Solution File, Format Version 12.00
# Visual Studio Version 17
VisualStudioVersion = 17.2.32616.157
MinimumVisualStudioVersion = 10.0.40219.1
Project("{2150E333-8FDC-42A3-9474-1A3956D46DE8}") = "BLLManager", "BLLManager", "{D49995D6-471C-443B-9785-823CCF0E947E}"
EndProject
Project("{2150E333-8FDC-42A3-9474-1A3956D46DE8}") = "DAL", "DAL", "{7C0659D8-CF70-4939-82AC-4F9CEADC814E}"
EndProject
Project("{2150E333-8FDC-42A3-9474-1A3956D46DE8}") = "ModelClass", "ModelClass", "{EC3CD1C2-41DA-41F1-9EC3-43DFB96892ED}"
EndProject
Project("{2150E333-8FDC-42A3-9474-1A3956D46DE8}") = "Service", "Service", "{E65C4E19-B397-4069-80DF-A1B0734F846E}"
EndProject
Project("{9A19103F-16F7-4668-BE54-9A1E7A4F7556}") = "ModelClass.ERP", "BLLManager.ERP\ModelClass.ERP.csproj", "{A6EFCCB0-53F5-47ED-8DAD-0BD93F637AE1}"
EndProject
Project("{9A19103F-16F7-4668-BE54-9A1E7A4F7556}") = "DatabaseContext", "DatabaseContext\DatabaseContext.csproj", "{0B85CCEA-0A9B-4364-AAF3-76696F9932C7}"
EndProject
Project("{9A19103F-16F7-4668-BE54-9A1E7A4F7556}") = "Services.ERP", "Services.ERP\Services.ERP.csproj", "{799B8A99-DA32-4EBE-9E69-BE8272DDA3E8}"
EndProject
Project("{9A19103F-16F7-4668-BE54-9A1E7A4F7556}") = "SecurityBLLManager.ERP", "SecurityBLLManager.ERP\SecurityBLLManager.ERP.csproj", "{58264B5E-1A19-4630-8882-5C41FC957DA2}"
EndProject
Project("{9A19103F-16F7-4668-BE54-9A1E7A4F7556}") = "Common.ERP", "Common.ERP\Common.ERP.csproj", "{FE840D7B-FBCC-423E-80E7-59470F77CF0B}"
EndProject
Project("{2150E333-8FDC-42A3-9474-1A3956D46DE8}") = "Infrustracture", "Infrustracture", "{995A7577-FF3B-4022-8ED8-5030B3E6F45A}"
EndProject
Project("{FAE04EC0-301F-11D3-BF4B-00C04F79EFBC}") = "Infrustracture.ERP", "Infrustracture.ERP\Infrustracture.ERP.csproj", "{7517309D-975E-43D3-AE19-C46184812E6A}"
EndProject
Global
	GlobalSection(SolutionConfigurationPlatforms) = preSolution
		Debug|Any CPU = Debug|Any CPU
		Release|Any CPU = Release|Any CPU
	EndGlobalSection
	GlobalSection(ProjectConfigurationPlatforms) = postSolution
		{A6EFCCB0-53F5-47ED-8DAD-0BD93F637AE1}.Debug|Any CPU.ActiveCfg = Debug|Any CPU
		{A6EFCCB0-53F5-47ED-8DAD-0BD93F637AE1}.Debug|Any CPU.Build.0 = Debug|Any CPU
		{A6EFCCB0-53F5-47ED-8DAD-0BD93F637AE1}.Release|Any CPU.ActiveCfg = Release|Any CPU
		{A6EFCCB0-53F5-47ED-8DAD-0BD93F637AE1}.Release|Any CPU.Build.0 = Release|Any CPU
		{0B85CCEA-0A9B-4364-AAF3-76696F9932C7}.Debug|Any CPU.ActiveCfg = Debug|Any CPU
		{0B85CCEA-0A9B-4364-AAF3-76696F9932C7}.Debug|Any CPU.Build.0 = Debug|Any CPU
		{0B85CCEA-0A9B-4364-AAF3-76696F9932C7}.Release|Any CPU.ActiveCfg = Release|Any CPU
		{0B85CCEA-0A9B-4364-AAF3-76696F9932C7}.Release|Any CPU.Build.0 = Release|Any CPU
		{799B8A99-DA32-4EBE-9E69-BE8272DDA3E8}.Debug|Any CPU.ActiveCfg = Debug|Any CPU
		{799B8A99-DA32-4EBE-9E69-BE8272DDA3E8}.Debug|Any CPU.Build.0 = Debug|Any CPU
		{799B8A99-DA32-4EBE-9E69-BE8272DDA3E8}.Release|Any CPU.ActiveCfg = Release|Any CPU
		{799B8A99-DA32-4EBE-9E69-BE8272DDA3E8}.Release|Any CPU.Build.0 = Release|Any CPU
		{58264B5E-1A19-4630-8882-5C41FC957DA2}.Debug|Any CPU.ActiveCfg = Debug|Any CPU
		{58264B5E-1A19-4630-8882-5C41FC957DA2}.Debug|Any CPU.Build.0 = Debug|Any CPU
		{58264B5E-1A19-4630-8882-5C41FC957DA2}.Release|Any CPU.ActiveCfg = Release|Any CPU
		{58264B5E-1A19-4630-8882-5C41FC957DA2}.Release|Any CPU.Build.0 = Release|Any CPU
		{FE840D7B-FBCC-423E-80E7-59470F77CF0B}.Debug|Any CPU.ActiveCfg = Debug|Any CPU
		{FE840D7B-FBCC-423E-80E7-59470F77CF0B}.Debug|Any CPU.Build.0 = Debug|Any CPU
		{FE840D7B-FBCC-423E-80E7-59470F77CF0B}.Release|Any CPU.ActiveCfg = Release|Any CPU
		{FE840D7B-FBCC-423E-80E7-59470F77CF0B}.Release|Any CPU.Build.0 = Release|Any CPU
		{7517309D-975E-43D3-AE19-C46184812E6A}.Debug|Any CPU.ActiveCfg = Debug|Any CPU
		{7517309D-975E-43D3-AE19-C46184812E6A}.Debug|Any CPU.Build.0 = Debug|Any CPU
		{7517309D-975E-43D3-AE19-C46184812E6A}.Release|Any CPU.ActiveCfg = Release|Any CPU
		{7517309D-975E-43D3-AE19-C46184812E6A}.Release|Any CPU.Build.0 = Release|Any CPU
	EndGlobalSection
	GlobalSection(SolutionProperties) = preSolution
		HideSolutionNode = FALSE
	EndGlobalSection
	GlobalSection(NestedProjects) = preSolution
		{A6EFCCB0-53F5-47ED-8DAD-0BD93F637AE1} = {EC3CD1C2-41DA-41F1-9EC3-43DFB96892ED}
		{0B85CCEA-0A9B-4364-AAF3-76696F9932C7} = {7C0659D8-CF70-4939-82AC-4F9CEADC814E}
		{799B8A99-DA32-4EBE-9E69-BE8272DDA3E8} = {E65C4E19-B397-4069-80DF-A1B0734F846E}
		{58264B5E-1A19-4630-8882-5C41FC957DA2} = {D49995D6-471C-443B-9785-823CCF0E947E}
		{FE840D7B-FBCC-423E-80E7-59470F77CF0B} = {7C0659D8-CF70-4939-82AC-4F9CEADC814E}
		{7517309D-975E-43D3-AE19-C46184812E6A} = {995A7577-FF3B-4022-8ED8-5030B3E6F45A}
	EndGlobalSection
	GlobalSection(ExtensibilityGlobals) = postSolution
		SolutionGuid = {9C73242B-5BBD-4E1A-A6DE-28A26C045026}
	EndGlobalSection
EndGlobal
